
Microsoft Visual Studio Solution File, Format Version 12.00
# Visual Studio Version 17
VisualStudioVersion = 17.8.34408.163
MinimumVisualStudioVersion = 10.0.40219.1
Project("{FAE04EC0-301F-11D3-BF4B-00C04F79EFBC}") = "ToDoAPI", "ToDoAPI.csproj", "{FFB19023-43C2-4CA5-A5BF-B7717B9A1415}"
EndProject
Global
	GlobalSection(SolutionConfigurationPlatforms) = preSolution
		Debug|Any CPU = Debug|Any CPU
		Release|Any CPU = Release|Any CPU
	EndGlobalSection
	GlobalSection(ProjectConfigurationPlatforms) = postSolution
		{FFB19023-43C2-4CA5-A5BF-B7717B9A1415}.Debug|Any CPU.ActiveCfg = Debug|Any CPU
		{FFB19023-43C2-4CA5-A5BF-B7717B9A1415}.Debug|Any CPU.Build.0 = Debug|Any CPU
		{FFB19023-43C2-4CA5-A5BF-B7717B9A1415}.Release|Any CPU.ActiveCfg = Release|Any CPU
		{FFB19023-43C2-4CA5-A5BF-B7717B9A1415}.Release|Any CPU.Build.0 = Release|Any CPU
	EndGlobalSection
	GlobalSection(SolutionProperties) = preSolution
		HideSolutionNode = FALSE
	EndGlobalSection
	GlobalSection(ExtensibilityGlobals) = postSolution
		SolutionGuid = {3256DB09-79B0-4FD9-884F-9D734CE2D498}
	EndGlobalSection
EndGlobal
